
Microsoft Visual Studio Solution File, Format Version 12.00
# Visual Studio Version 16
VisualStudioVersion = 16.0.28803.452
MinimumVisualStudioVersion = 10.0.40219.1
Project("{9A19103F-16F7-4668-BE54-9A1E7A4F7556}") = "QSim.ConsoleApp", "QSim.ConsoleApp\QSim.ConsoleApp.csproj", "{9C4801AF-1724-4B22-871C-BC5CF7DA9A7F}"
EndProject
Project("{FAE04EC0-301F-11D3-BF4B-00C04F79EFBC}") = "QSimTest", "QSimTest\QSimTest.csproj", "{D6E365D8-FC72-430A-8BBC-8B792ADB7D29}"
EndProject
Global
	GlobalSection(SolutionConfigurationPlatforms) = preSolution
		Debug|Any CPU = Debug|Any CPU
		Release|Any CPU = Release|Any CPU
	EndGlobalSection
	GlobalSection(ProjectConfigurationPlatforms) = postSolution
		{9C4801AF-1724-4B22-871C-BC5CF7DA9A7F}.Debug|Any CPU.ActiveCfg = Debug|Any CPU
		{9C4801AF-1724-4B22-871C-BC5CF7DA9A7F}.Debug|Any CPU.Build.0 = Debug|Any CPU
		{9C4801AF-1724-4B22-871C-BC5CF7DA9A7F}.Release|Any CPU.ActiveCfg = Release|Any CPU
		{9C4801AF-1724-4B22-871C-BC5CF7DA9A7F}.Release|Any CPU.Build.0 = Release|Any CPU
		{D6E365D8-FC72-430A-8BBC-8B792ADB7D29}.Debug|Any CPU.ActiveCfg = Debug|Any CPU
		{D6E365D8-FC72-430A-8BBC-8B792ADB7D29}.Debug|Any CPU.Build.0 = Debug|Any CPU
		{D6E365D8-FC72-430A-8BBC-8B792ADB7D29}.Release|Any CPU.ActiveCfg = Release|Any CPU
		{D6E365D8-FC72-430A-8BBC-8B792ADB7D29}.Release|Any CPU.Build.0 = Release|Any CPU
	EndGlobalSection
	GlobalSection(SolutionProperties) = preSolution
		HideSolutionNode = FALSE
	EndGlobalSection
	GlobalSection(ExtensibilityGlobals) = postSolution
		SolutionGuid = {D9E2F678-2B38-451F-BF67-ED6056B3BC1B}
	EndGlobalSection
EndGlobal
